// !$*UTF8*$!
{
	archiveVersion = 1;
	classes = {
	};
	objectVersion = 77;
	objects = {

/* Begin PBXBuildFile section */
		0AAA000000000000000E0001 /* ChessKit in Frameworks */ = {isa = PBXBuildFile; productRef = 0AAA000000000000000D0001 /* ChessKit */; };
		0AAA000000000000000E0002 /* ChessKitEngine in Frameworks */ = {isa = PBXBuildFile; productRef = 0AAA000000000000000D0002 /* ChessKitEngine */; };
		13600AD62FADDBAF0006758E /* RealityKitContent in Frameworks */ = {isa = PBXBuildFile; productRef = 13600AD52FADDBAF0006758E /* RealityKitContent */; };
/* End PBXBuildFile section */

/* Begin PBXContainerItemProxy section */
		13600AE52FADDBB00006758E /* PBXContainerItemProxy */ = {
			isa = PBXContainerItemProxy;
			containerPortal = 13600AC82FADDBAF0006758E /* Project object */;
			proxyType = 1;
			remoteGlobalIDString = 13600ACF2FADDBAF0006758E;
			remoteInfo = LiveChess;
		};
/* End PBXContainerItemProxy section */

/* Begin PBXFileReference section */
		0AAA000000000000000F0001 /* chesskit-engine */ = {isa = PBXFileReference; lastKnownFileType = wrapper; path = "chesskit-engine"; sourceTree = "<group>"; };
		13600AD02FADDBAF0006758E /* LiveChess.app */ = {isa = PBXFileReference; explicitFileType = wrapper.application; includeInIndex = 0; path = LiveChess.app; sourceTree = BUILT_PRODUCTS_DIR; };
		13600AD42FADDBAF0006758E /* RealityKitContent */ = {isa = PBXFileReference; lastKnownFileType = wrapper; path = RealityKitContent; sourceTree = "<group>"; };
		13600AE42FADDBB00006758E /* LiveChessTests.xctest */ = {isa = PBXFileReference; explicitFileType = wrapper.cfbundle; includeInIndex = 0; path = LiveChessTests.xctest; sourceTree = BUILT_PRODUCTS_DIR; };
/* End PBXFileReference section */

/* Begin PBXFileSystemSynchronizedBuildFileExceptionSet section */
		13600AEA2FADDBB00006758E /* Exceptions for "LiveChess" folder in "LiveChess" target */ = {
			isa = PBXFileSystemSynchronizedBuildFileExceptionSet;
			membershipExceptions = (
				Info.plist,
			);
			target = 13600ACF2FADDBAF0006758E /* LiveChess */;
		};
/* End PBXFileSystemSynchronizedBuildFileExceptionSet section */

/* Begin PBXFileSystemSynchronizedRootGroup section */
		13600AD22FADDBAF0006758E /* LiveChess */ = {
			isa = PBXFileSystemSynchronizedRootGroup;
			exceptions = (
				13600AEA2FADDBB00006758E /* Exceptions for "LiveChess" folder in "LiveChess" target */,
			);
			path = LiveChess;
			sourceTree = "<group>";
		};
		13600AE72FADDBB00006758E /* LiveChessTests */ = {
			isa = PBXFileSystemSynchronizedRootGroup;
			path = LiveChessTests;
			sourceTree = "<group>";
		};
/* End PBXFileSystemSynchronizedRootGroup section */

/* Begin PBXFrameworksBuildPhase section */
		13600ACD2FADDBAF0006758E /* Frameworks */ = {
			isa = PBXFrameworksBuildPhase;
			buildActionMask = 2147483647;
			files = (
				13600AD62FADDBAF0006758E /* RealityKitContent in Frameworks */,
				0AAA000000000000000E0001 /* ChessKit in Frameworks */,
				0AAA000000000000000E0002 /* ChessKitEngine in Frameworks */,
			);
			runOnlyForDeploymentPostprocessing = 0;
		};
		13600AE12FADDBB00006758E /* Frameworks */ = {
			isa = PBXFrameworksBuildPhase;
			buildActionMask = 2147483647;
			files = (
			);
			runOnlyForDeploymentPostprocessing = 0;
		};
/* End PBXFrameworksBuildPhase section */

/* Begin PBXGroup section */
		13600AC72FADDBAF0006758E = {
			isa = PBXGroup;
			children = (
				13600AD22FADDBAF0006758E /* LiveChess */,
				13600AD32FADDBAF0006758E /* Packages */,
				13600AE72FADDBB00006758E /* LiveChessTests */,
				13600AD12FADDBAF0006758E /* Products */,
			);
			sourceTree = "<group>";
		};
		13600AD12FADDBAF0006758E /* Products */ = {
			isa = PBXGroup;
			children = (
				13600AD02FADDBAF0006758E /* LiveChess.app */,
				13600AE42FADDBB00006758E /* LiveChessTests.xctest */,
			);
			name = Products;
			sourceTree = "<group>";
		};
		13600AD32FADDBAF0006758E /* Packages */ = {
			isa = PBXGroup;
			children = (
				13600AD42FADDBAF0006758E /* RealityKitContent */,
				0AAA000000000000000F0001 /* chesskit-engine */,
			);
			path = Packages;
			sourceTree = "<group>";
		};
/* End PBXGroup section */

/* Begin PBXNativeTarget section */
		13600ACF2FADDBAF0006758E /* LiveChess */ = {
			isa = PBXNativeTarget;
			buildConfigurationList = 13600AEB2FADDBB00006758E /* Build configuration list for PBXNativeTarget "LiveChess" */;
			buildPhases = (
				13600ACC2FADDBAF0006758E /* Sources */,
				13600ACD2FADDBAF0006758E /* Frameworks */,
				13600ACE2FADDBAF0006758E /* Resources */,
			);
			buildRules = (
			);
			dependencies = (
			);
			fileSystemSynchronizedGroups = (
				13600AD22FADDBAF0006758E /* LiveChess */,
			);
			name = LiveChess;
			packageProductDependencies = (
				13600AD52FADDBAF0006758E /* RealityKitContent */,
				0AAA000000000000000D0001 /* ChessKit */,
				0AAA000000000000000D0002 /* ChessKitEngine */,
			);
			productName = LiveChess;
			productReference = 13600AD02FADDBAF0006758E /* LiveChess.app */;
			productType = "com.apple.product-type.application";
		};
		13600AE32FADDBB00006758E /* LiveChessTests */ = {
			isa = PBXNativeTarget;
			buildConfigurationList = 13600AF02FADDBB00006758E /* Build configuration list for PBXNativeTarget "LiveChessTests" */;
			buildPhases = (
				13600AE02FADDBB00006758E /* Sources */,
				13600AE12FADDBB00006758E /* Frameworks */,
				13600AE22FADDBB00006758E /* Resources */,
			);
			buildRules = (
			);
			dependencies = (
				13600AE62FADDBB00006758E /* PBXTargetDependency */,
			);
			fileSystemSynchronizedGroups = (
				13600AE72FADDBB00006758E /* LiveChessTests */,
			);
			name = LiveChessTests;
			packageProductDependencies = (
			);
			productName = LiveChessTests;
			productReference = 13600AE42FADDBB00006758E /* LiveChessTests.xctest */;
			productType = "com.apple.product-type.bundle.unit-test";
		};
/* End PBXNativeTarget section */

/* Begin PBXProject section */
		13600AC82FADDBAF0006758E /* Project object */ = {
			isa = PBXProject;
			attributes = {
				BuildIndependentTargetsInParallel = 1;
				LastSwiftUpdateCheck = 2600;
				LastUpgradeCheck = 2600;
				TargetAttributes = {
					13600ACF2FADDBAF0006758E = {
						CreatedOnToolsVersion = 26.0.1;
					};
					13600AE32FADDBB00006758E = {
						CreatedOnToolsVersion = 26.0.1;
						TestTargetID = 13600ACF2FADDBAF0006758E;
					};
				};
			};
			buildConfigurationList = 13600ACB2FADDBAF0006758E /* Build configuration list for PBXProject "LiveChess" */;
			developmentRegion = en;
			hasScannedForEncodings = 0;
			knownRegions = (
				en,
				Base,
			);
			mainGroup = 13600AC72FADDBAF0006758E;
			minimizedProjectReferenceProxies = 1;
			packageReferences = (
				0AAA000000000000000C0001 /* XCRemoteSwiftPackageReference "chesskit-swift" */,
			);
			preferredProjectObjectVersion = 77;
			productRefGroup = 13600AD12FADDBAF0006758E /* Products */;
			projectDirPath = "";
			projectRoot = "";
			targets = (
				13600ACF2FADDBAF0006758E /* LiveChess */,
				13600AE32FADDBB00006758E /* LiveChessTests */,
			);
		};
/* End PBXProject section */

/* Begin PBXResourcesBuildPhase section */
		13600ACE2FADDBAF0006758E /* Resources */ = {
			isa = PBXResourcesBuildPhase;
			buildActionMask = 2147483647;
			files = (
			);
			runOnlyForDeploymentPostprocessing = 0;
		};
		13600AE22FADDBB00006758E /* Resources */ = {
			isa = PBXResourcesBuildPhase;
			buildActionMask = 2147483647;
			files = (
			);
			runOnlyForDeploymentPostprocessing = 0;
		};
/* End PBXResourcesBuildPhase section */

/* Begin PBXSourcesBuildPhase section */
		13600ACC2FADDBAF0006758E /* Sources */ = {
			isa = PBXSourcesBuildPhase;
			buildActionMask = 2147483647;
			files = (
			);
			runOnlyForDeploymentPostprocessing = 0;
		};
		13600AE02FADDBB00006758E /* Sources */ = {
			isa = PBXSourcesBuildPhase;
			buildActionMask = 2147483647;
			files = (
			);
			runOnlyForDeploymentPostprocessing = 0;
		};
/* End PBXSourcesBuildPhase section */

/* Begin PBXTargetDependency section */
		13600AE62FADDBB00006758E /* PBXTargetDependency */ = {
			isa = PBXTargetDependency;
			target = 13600ACF2FADDBAF0006758E /* LiveChess */;
			targetProxy = 13600AE52FADDBB00006758E /* PBXContainerItemProxy */;
		};
/* End PBXTargetDependency section */

/* Begin XCBuildConfiguration section */
		13600AEC2FADDBB00006758E /* Debug */ = {
			isa = XCBuildConfiguration;
			buildSettings = {
				ASSETCATALOG_COMPILER_APPICON_NAME = AppIcon;
				ASSETCATALOG_COMPILER_GLOBAL_ACCENT_COLOR_NAME = AccentColor;
				CODE_SIGN_STYLE = Automatic;
				CURRENT_PROJECT_VERSION = 1;
				DEVELOPMENT_TEAM = 945AR9TQRH;
				ENABLE_PREVIEWS = YES;
				GENERATE_INFOPLIST_FILE = YES;
				INFOPLIST_FILE = "$(TARGET_NAME)/Info.plist";
				LD_RUNPATH_SEARCH_PATHS = (
					"$(inherited)",
					"@executable_path/Frameworks",
				);
				MARKETING_VERSION = 1.0;
				PRODUCT_BUNDLE_IDENTIFIER = com.FrancescoAlbano.LiveChess;
				PRODUCT_NAME = "$(TARGET_NAME)";
				STRING_CATALOG_GENERATE_SYMBOLS = YES;
				SUPPORTED_PLATFORMS = "xros xrsimulator";
				SWIFT_APPROACHABLE_CONCURRENCY = YES;
				SWIFT_EMIT_LOC_STRINGS = YES;
				SWIFT_UPCOMING_FEATURE_MEMBER_IMPORT_VISIBILITY = YES;
				SWIFT_VERSION = 5.0;
				TARGETED_DEVICE_FAMILY = 7;
			};
			name = Debug;
		};
		13600AED2FADDBB00006758E /* Release */ = {
			isa = XCBuildConfiguration;
			buildSettings = {
				ASSETCATALOG_COMPILER_APPICON_NAME = AppIcon;
				ASSETCATALOG_COMPILER_GLOBAL_ACCENT_COLOR_NAME = AccentColor;
				CODE_SIGN_STYLE = Automatic;
				CURRENT_PROJECT_VERSION = 1;
				DEVELOPMENT_TEAM = 945AR9TQRH;
				ENABLE_PREVIEWS = YES;
				GENERATE_INFOPLIST_FILE = YES;
				INFOPLIST_FILE = "$(TARGET_NAME)/Info.plist";
				LD_RUNPATH_SEARCH_PATHS = (
					"$(inherited)",
					"@executable_path/Frameworks",
				);
				MARKETING_VERSION = 1.0;
				PRODUCT_BUNDLE_IDENTIFIER = com.FrancescoAlbano.LiveChess;
				PRODUCT_NAME = "$(TARGET_NAME)";
				STRING_CATALOG_GENERATE_SYMBOLS = YES;
				SUPPORTED_PLATFORMS = "xros xrsimulator";
				SWIFT_APPROACHABLE_CONCURRENCY = YES;
				SWIFT_EMIT_LOC_STRINGS = YES;
				SWIFT_UPCOMING_FEATURE_MEMBER_IMPORT_VISIBILITY = YES;
				SWIFT_VERSION = 5.0;
				TARGETED_DEVICE_FAMILY = 7;
			};
			name = Release;
		};
		13600AEE2FADDBB00006758E /* Debug */ = {
			isa = XCBuildConfiguration;
			buildSettings = {
				ALWAYS_SEARCH_USER_PATHS = NO;
				ASSETCATALOG_COMPILER_GENERATE_SWIFT_ASSET_SYMBOL_EXTENSIONS = YES;
				CLANG_ANALYZER_NONNULL = YES;
				CLANG_ANALYZER_NUMBER_OBJECT_CONVERSION = YES_AGGRESSIVE;
				CLANG_CXX_LANGUAGE_STANDARD = "gnu++20";
				CLANG_ENABLE_MODULES = YES;
				CLANG_ENABLE_OBJC_ARC = YES;
				CLANG_ENABLE_OBJC_WEAK = YES;
				CLANG_WARN_BLOCK_CAPTURE_AUTORELEASING = YES;
				CLANG_WARN_BOOL_CONVERSION = YES;
				CLANG_WARN_COMMA = YES;
				CLANG_WARN_CONSTANT_CONVERSION = YES;
				CLANG_WARN_DEPRECATED_OBJC_IMPLEMENTATIONS = YES;
				CLANG_WARN_DIRECT_OBJC_ISA_USAGE = YES_ERROR;
				CLANG_WARN_DOCUMENTATION_COMMENTS = YES;
				CLANG_WARN_EMPTY_BODY = YES;
				CLANG_WARN_ENUM_CONVERSION = YES;
				CLANG_WARN_INFINITE_RECURSION = YES;
				CLANG_WARN_INT_CONVERSION = YES;
				CLANG_WARN_NON_LITERAL_NULL_CONVERSION = YES;
				CLANG_WARN_OBJC_IMPLICIT_RETAIN_SELF = YES;
				CLANG_WARN_OBJC_LITERAL_CONVERSION = YES;
				CLANG_WARN_OBJC_ROOT_CLASS = YES_ERROR;
				CLANG_WARN_QUOTED_INCLUDE_IN_FRAMEWORK_HEADER = YES;
				CLANG_WARN_RANGE_LOOP_ANALYSIS = YES;
				CLANG_WARN_STRICT_PROTOTYPES = YES;
				CLANG_WARN_SUSPICIOUS_MOVE = YES;
				CLANG_WARN_UNGUARDED_AVAILABILITY = YES_AGGRESSIVE;
				CLANG_WARN_UNREACHABLE_CODE = YES;
				CLANG_WARN__DUPLICATE_METHOD_MATCH = YES;
				COPY_PHASE_STRIP = NO;
				DEBUG_INFORMATION_FORMAT = dwarf;
				DEVELOPMENT_TEAM = DZ5Q67NB9G;
				ENABLE_STRICT_OBJC_MSGSEND = YES;
				ENABLE_TESTABILITY = YES;
				ENABLE_USER_SCRIPT_SANDBOXING = YES;
				GCC_C_LANGUAGE_STANDARD = gnu17;
				GCC_DYNAMIC_NO_PIC = NO;
				GCC_NO_COMMON_BLOCKS = YES;
				GCC_OPTIMIZATION_LEVEL = 0;
				GCC_PREPROCESSOR_DEFINITIONS = (
					"DEBUG=1",
					"$(inherited)",
				);
				GCC_WARN_64_TO_32_BIT_CONVERSION = YES;
				GCC_WARN_ABOUT_RETURN_TYPE = YES_ERROR;
				GCC_WARN_UNDECLARED_SELECTOR = YES;
				GCC_WARN_UNINITIALIZED_AUTOS = YES_AGGRESSIVE;
				GCC_WARN_UNUSED_FUNCTION = YES;
				GCC_WARN_UNUSED_VARIABLE = YES;
				LOCALIZATION_PREFERS_STRING_CATALOGS = YES;
				MTL_ENABLE_DEBUG_INFO = INCLUDE_SOURCE;
				MTL_FAST_MATH = YES;
				ONLY_ACTIVE_ARCH = YES;
				SDKROOT = xros;
				SWIFT_ACTIVE_COMPILATION_CONDITIONS = "DEBUG $(inherited)";
				SWIFT_OPTIMIZATION_LEVEL = "-Onone";
				XROS_DEPLOYMENT_TARGET = 26.0;
			};
			name = Debug;
		};
		13600AEF2FADDBB00006758E /* Release */ = {
			isa = XCBuildConfiguration;
			buildSettings = {
				ALWAYS_SEARCH_USER_PATHS = NO;
				ASSETCATALOG_COMPILER_GENERATE_SWIFT_ASSET_SYMBOL_EXTENSIONS = YES;
				CLANG_ANALYZER_NONNULL = YES;
				CLANG_ANALYZER_NUMBER_OBJECT_CONVERSION = YES_AGGRESSIVE;
				CLANG_CXX_LANGUAGE_STANDARD = "gnu++20";
				CLANG_ENABLE_MODULES = YES;
				CLANG_ENABLE_OBJC_ARC = YES;
				CLANG_ENABLE_OBJC_WEAK = YES;
				CLANG_WARN_BLOCK_CAPTURE_AUTORELEASING = YES;
				CLANG_WARN_BOOL_CONVERSION = YES;
				CLANG_WARN_COMMA = YES;
				CLANG_WARN_CONSTANT_CONVERSION = YES;
				CLANG_WARN_DEPRECATED_OBJC_IMPLEMENTATIONS = YES;
				CLANG_WARN_DIRECT_OBJC_ISA_USAGE = YES_ERROR;
				CLANG_WARN_DOCUMENTATION_COMMENTS = YES;
				CLANG_WARN_EMPTY_BODY = YES;
				CLANG_WARN_ENUM_CONVERSION = YES;
				CLANG_WARN_INFINITE_RECURSION = YES;
				CLANG_WARN_INT_CONVERSION = YES;
				CLANG_WARN_NON_LITERAL_NULL_CONVERSION = YES;
				CLANG_WARN_OBJC_IMPLICIT_RETAIN_SELF = YES;
				CLANG_WARN_OBJC_LITERAL_CONVERSION = YES;
				CLANG_WARN_OBJC_ROOT_CLASS = YES_ERROR;
				CLANG_WARN_QUOTED_INCLUDE_IN_FRAMEWORK_HEADER = YES;
				CLANG_WARN_RANGE_LOOP_ANALYSIS = YES;
				CLANG_WARN_STRICT_PROTOTYPES = YES;
				CLANG_WARN_SUSPICIOUS_MOVE = YES;
				CLANG_WARN_UNGUARDED_AVAILABILITY = YES_AGGRESSIVE;
				CLANG_WARN_UNREACHABLE_CODE = YES;
				CLANG_WARN__DUPLICATE_METHOD_MATCH = YES;
				COPY_PHASE_STRIP = NO;
				DEBUG_INFORMATION_FORMAT = "dwarf-with-dsym";
				DEVELOPMENT_TEAM = DZ5Q67NB9G;
				ENABLE_NS_ASSERTIONS = NO;
				ENABLE_STRICT_OBJC_MSGSEND = YES;
				ENABLE_USER_SCRIPT_SANDBOXING = YES;
				GCC_C_LANGUAGE_STANDARD = gnu17;
				GCC_NO_COMMON_BLOCKS = YES;
				GCC_WARN_64_TO_32_BIT_CONVERSION = YES;
				GCC_WARN_ABOUT_RETURN_TYPE = YES_ERROR;
				GCC_WARN_UNDECLARED_SELECTOR = YES;
				GCC_WARN_UNINITIALIZED_AUTOS = YES_AGGRESSIVE;
				GCC_WARN_UNUSED_FUNCTION = YES;
				GCC_WARN_UNUSED_VARIABLE = YES;
				LOCALIZATION_PREFERS_STRING_CATALOGS = YES;
				MTL_ENABLE_DEBUG_INFO = NO;
				MTL_FAST_MATH = YES;
				SDKROOT = xros;
				SWIFT_COMPILATION_MODE = wholemodule;
				VALIDATE_PRODUCT = YES;
				XROS_DEPLOYMENT_TARGET = 26.0;
			};
			name = Release;
		};
		13600AF12FADDBB00006758E /* Debug */ = {
			isa = XCBuildConfiguration;
			buildSettings = {
				BUNDLE_LOADER = "$(TEST_HOST)";
				CODE_SIGN_STYLE = Automatic;
				CURRENT_PROJECT_VERSION = 1;
				DEVELOPMENT_TEAM = DZ5Q67NB9G;
				GENERATE_INFOPLIST_FILE = YES;
				MARKETING_VERSION = 1.0;
				PRODUCT_BUNDLE_IDENTIFIER = com.FrancescoAlbano.LiveChessTests;
				PRODUCT_NAME = "$(TARGET_NAME)";
				STRING_CATALOG_GENERATE_SYMBOLS = NO;
				SUPPORTED_PLATFORMS = "xros xrsimulator";
				SWIFT_APPROACHABLE_CONCURRENCY = YES;
				SWIFT_EMIT_LOC_STRINGS = NO;
				SWIFT_UPCOMING_FEATURE_MEMBER_IMPORT_VISIBILITY = YES;
				SWIFT_VERSION = 5.0;
				TARGETED_DEVICE_FAMILY = 7;
				TEST_HOST = "$(BUILT_PRODUCTS_DIR)/LiveChess.app/$(BUNDLE_EXECUTABLE_FOLDER_PATH)/LiveChess";
				XROS_DEPLOYMENT_TARGET = 26.0;
			};
			name = Debug;
		};
		13600AF22FADDBB00006758E /* Release */ = {
			isa = XCBuildConfiguration;
			buildSettings = {
				BUNDLE_LOADER = "$(TEST_HOST)";
				CODE_SIGN_STYLE = Automatic;
				CURRENT_PROJECT_VERSION = 1;
				DEVELOPMENT_TEAM = DZ5Q67NB9G;
				GENERATE_INFOPLIST_FILE = YES;
				MARKETING_VERSION = 1.0;
				PRODUCT_BUNDLE_IDENTIFIER = com.FrancescoAlbano.LiveChessTests;
				PRODUCT_NAME = "$(TARGET_NAME)";
				STRING_CATALOG_GENERATE_SYMBOLS = NO;
				SUPPORTED_PLATFORMS = "xros xrsimulator";
				SWIFT_APPROACHABLE_CONCURRENCY = YES;
				SWIFT_EMIT_LOC_STRINGS = NO;
				SWIFT_UPCOMING_FEATURE_MEMBER_IMPORT_VISIBILITY = YES;
				SWIFT_VERSION = 5.0;
				TARGETED_DEVICE_FAMILY = 7;
				TEST_HOST = "$(BUILT_PRODUCTS_DIR)/LiveChess.app/$(BUNDLE_EXECUTABLE_FOLDER_PATH)/LiveChess";
				XROS_DEPLOYMENT_TARGET = 26.0;
			};
			name = Release;
		};
/* End XCBuildConfiguration section */

/* Begin XCConfigurationList section */
		13600ACB2FADDBAF0006758E /* Build configuration list for PBXProject "LiveChess" */ = {
			isa = XCConfigurationList;
			buildConfigurations = (
				13600AEE2FADDBB00006758E /* Debug */,
				13600AEF2FADDBB00006758E /* Release */,
			);
			defaultConfigurationIsVisible = 0;
			defaultConfigurationName = Release;
		};
		13600AEB2FADDBB00006758E /* Build configuration list for PBXNativeTarget "LiveChess" */ = {
			isa = XCConfigurationList;
			buildConfigurations = (
				13600AEC2FADDBB00006758E /* Debug */,
				13600AED2FADDBB00006758E /* Release */,
			);
			defaultConfigurationIsVisible = 0;
			defaultConfigurationName = Release;
		};
		13600AF02FADDBB00006758E /* Build configuration list for PBXNativeTarget "LiveChessTests" */ = {
			isa = XCConfigurationList;
			buildConfigurations = (
				13600AF12FADDBB00006758E /* Debug */,
				13600AF22FADDBB00006758E /* Release */,
			);
			defaultConfigurationIsVisible = 0;
			defaultConfigurationName = Release;
		};
/* End XCConfigurationList section */

/* Begin XCRemoteSwiftPackageReference section */
		0AAA000000000000000C0001 /* XCRemoteSwiftPackageReference "chesskit-swift" */ = {
			isa = XCRemoteSwiftPackageReference;
			repositoryURL = "https://github.com/chesskit-app/chesskit-swift";
			requirement = {
				kind = upToNextMajorVersion;
				minimumVersion = 0.17.0;
			};
		};
/* End XCRemoteSwiftPackageReference section */

/* Begin XCSwiftPackageProductDependency section */
		0AAA000000000000000D0001 /* ChessKit */ = {
			isa = XCSwiftPackageProductDependency;
			package = 0AAA000000000000000C0001 /* XCRemoteSwiftPackageReference "chesskit-swift" */;
			productName = ChessKit;
		};
		0AAA000000000000000D0002 /* ChessKitEngine */ = {
			isa = XCSwiftPackageProductDependency;
			productName = ChessKitEngine;
		};
		13600AD52FADDBAF0006758E /* RealityKitContent */ = {
			isa = XCSwiftPackageProductDependency;
			productName = RealityKitContent;
		};
/* End XCSwiftPackageProductDependency section */
	};
	rootObject = 13600AC82FADDBAF0006758E /* Project object */;
}
