{
  "originHash" : "d28968c2de6c0654cc70c8186d721ffa53463d6684efad7affde983dc1836439",
  "pins" : [
    {
      "identity" : "chesskit-swift",
      "kind" : "remoteSourceControl",
      "location" : "https://github.com/chesskit-app/chesskit-swift",
      "state" : {
        "revision" : "44ef7a1aa9da25bf0a9606a8960591a4dde3fad2",
        "version" : "0.17.0"
      }
    }
  ],
  "version" : 3
}
